// !$*UTF8*$!
{
	archiveVersion = 1;
	classes = {
	};
	objectVersion = 50;
	objects = {

/* Begin PBXBuildFile section */
		870A1A5522629A00004E9843 /* Indianapolis 500 (Bally 1995).png in Resources */ = {isa = PBXBuildFile; fileRef = 870A1A08226299FF004E9843 /* Indianapolis 500 (Bally 1995).png */; };
		870A1A5622629A00004E9843 /* CARtoons RC (Original 2017).png in Resources */ = {isa = PBXBuildFile; fileRef = 870A1A09226299FF004E9843 /* CARtoons RC (Original 2017).png */; };
		870A1A5722629A00004E9843 /* Fire! (Williams 1987).png in Resources */ = {isa = PBXBuildFile; fileRef = 870A1A0A226299FF004E9843 /* Fire! (Williams 1987).png */; };
		870A1A5822629A00004E9843 /* Iron Man (Stern 2013).png in Resources */ = {isa = PBXBuildFile; fileRef = 870A1A0B226299FF004E9843 /* Iron Man (Stern 2013).png */; };
		870A1A5922629A00004E9843 /* Pirates Of the Caribbean (Stern 2006).png in Resources */ = {isa = PBXBuildFile; fileRef = 870A1A0C226299FF004E9843 /* Pirates Of the Caribbean (Stern 2006).png */; };
		870A1A5A22629A00004E9843 /* Robocop (Data East 1989).png in Resources */ = {isa = PBXBuildFile; fileRef = 870A1A0D226299FF004E9843 /* Robocop (Data East 1989).png */; };
		870A1A5B22629A00004E9843 /* Monster Bash (Williams 1998).old[2].png in Resources */ = {isa = PBXBuildFile; fileRef = 870A1A0E226299FF004E9843 /* Monster Bash (Williams 1998).old[2].png */; };
		870A1A5C22629A00004E9843 /* Ghostbusters LE 1.0 (Stern 2012).png in Resources */ = {isa = PBXBuildFile; fileRef = 870A1A0F226299FF004E9843 /* Ghostbusters LE 1.0 (Stern 2012).png */; };
		870A1A5D22629A00004E9843 /* Cyclone (Williams 1988).png in Resources */ = {isa = PBXBuildFile; fileRef = 870A1A10226299FF004E9843 /* Cyclone (Williams 1988).png */; };
		870A1A5E22629A00004E9843 /* Creature from the Black Lagoon (Bally 1992).png in Resources */ = {isa = PBXBuildFile; fileRef = 870A1A11226299FF004E9843 /* Creature from the Black Lagoon (Bally 1992).png */; };
		870A1A5F22629A00004E9843 /* Demolition Man (Williams 1994).png in Resources */ = {isa = PBXBuildFile; fileRef = 870A1A12226299FF004E9843 /* Demolition Man (Williams 1994).png */; };
		870A1A6022629A00004E9843 /* Amazing Spider-Man (Stern 193).png in Resources */ = {isa = PBXBuildFile; fileRef = 870A1A13226299FF004E9843 /* Amazing Spider-Man (Stern 193).png */; };
		870A1A6122629A00004E9843 /* Back to the Future (Data East 1990).old[1].png in Resources */ = {isa = PBXBuildFile; fileRef = 870A1A14226299FF004E9843 /* Back to the Future (Data East 1990).old[1].png */; };
		870A1A6222629A00004E9843 /* High Speed (Williams 1986).png in Resources */ = {isa = PBXBuildFile; fileRef = 870A1A15226299FF004E9843 /* High Speed (Williams 1986).png */; };
		870A1A6322629A00004E9843 /* Family Guy (Stern 2007).png in Resources */ = {isa = PBXBuildFile; fileRef = 870A1A16226299FF004E9843 /* Family Guy (Stern 2007).png */; };
		870A1A6422629A00004E9843 /* Johnny Mnemonic (Williams 1996).png in Resources */ = {isa = PBXBuildFile; fileRef = 870A1A17226299FF004E9843 /* Johnny Mnemonic (Williams 1996).png */; };
		870A1A6522629A00004E9843 /* Ghostbusters (Limited Edition) (Stern 2016).png in Resources */ = {isa = PBXBuildFile; fileRef = 870A1A18226299FF004E9843 /* Ghostbusters (Limited Edition) (Stern 2016).png */; };
		870A1A6622629A00004E9843 /* Funhouse (Williams 1990).old[1].png in Resources */ = {isa = PBXBuildFile; fileRef = 870A1A19226299FF004E9843 /* Funhouse (Williams 1990).old[1].png */; };
		870A1A6722629A00004E9843 /* Austin Powers (Stern 2001).png in Resources */ = {isa = PBXBuildFile; fileRef = 870A1A1A226299FF004E9843 /* Austin Powers (Stern 2001).png */; };
		870A1A6822629A00004E9843 /* Harley Quinn (Original 2017).png in Resources */ = {isa = PBXBuildFile; fileRef = 870A1A1B226299FF004E9843 /* Harley Quinn (Original 2017).png */; };
		870A1A6922629A00004E9843 /* Gilligan's Island (Bally 1991).png in Resources */ = {isa = PBXBuildFile; fileRef = 870A1A1C226299FF004E9843 /* Gilligan's Island (Bally 1991).png */; };
		870A1A6A22629A00004E9843 /* A Real American Hero (Original 1980).png in Resources */ = {isa = PBXBuildFile; fileRef = 870A1A1D226299FF004E9843 /* A Real American Hero (Original 1980).png */; };
		870A1A6B22629A00004E9843 /* Fish Tales (Williams 1992).png in Resources */ = {isa = PBXBuildFile; fileRef = 870A1A1E226299FF004E9843 /* Fish Tales (Williams 1992).png */; };
		870A1A6C22629A00004E9843 /* Monster Bash (Williams 1998).png in Resources */ = {isa = PBXBuildFile; fileRef = 870A1A1F226299FF004E9843 /* Monster Bash (Williams 1998).png */; };
		870A1A6D22629A00004E9843 /* Bugs Bunny's Birthday Ball (Bally 1991).png in Resources */ = {isa = PBXBuildFile; fileRef = 870A1A20226299FF004E9843 /* Bugs Bunny's Birthday Ball (Bally 1991).png */; };
		870A1A6E22629A00004E9843 /* Disney TRON Legacy (Stern 2011).png in Resources */ = {isa = PBXBuildFile; fileRef = 870A1A21226299FF004E9843 /* Disney TRON Legacy (Stern 2011).png */; };
		870A1A6F22629A00004E9843 /* Beach Bums (Original 2018).png in Resources */ = {isa = PBXBuildFile; fileRef = 870A1A22226299FF004E9843 /* Beach Bums (Original 2018).png */; };
		870A1A7022629A00004E9843 /* Dirty Harry (Williams 1995).png in Resources */ = {isa = PBXBuildFile; fileRef = 870A1A23226299FF004E9843 /* Dirty Harry (Williams 1995).png */; };
		870A1A7122629A00004E9843 /* Batman (Stern 2008).png in Resources */ = {isa = PBXBuildFile; fileRef = 870A1A24226299FF004E9843 /* Batman (Stern 2008).png */; };
		870A1A7222629A00004E9843 /* Back to the Future (Data East 1990).png in Resources */ = {isa = PBXBuildFile; fileRef = 870A1A25226299FF004E9843 /* Back to the Future (Data East 1990).png */; };
		870A1A7322629A00004E9843 /* Pinball Magic (Capcom 1995).png in Resources */ = {isa = PBXBuildFile; fileRef = 870A1A26226299FF004E9843 /* Pinball Magic (Capcom 1995).png */; };
		870A1A7422629A00004E9843 /* Cirqus Voltaire (Midway 1997).png in Resources */ = {isa = PBXBuildFile; fileRef = 870A1A27226299FF004E9843 /* Cirqus Voltaire (Midway 1997).png */; };
		870A1A7522629A00004E9843 /* Goldorak (Original 2017).png in Resources */ = {isa = PBXBuildFile; fileRef = 870A1A28226299FF004E9843 /* Goldorak (Original 2017).png */; };
		870A1A7622629A00004E9843 /* Safe Cracker (Bally 1996).old[2].png in Resources */ = {isa = PBXBuildFile; fileRef = 870A1A29226299FF004E9843 /* Safe Cracker (Bally 1996).old[2].png */; };
		870A1A7722629A00004E9843 /* Gilligan's Island (Midway 1991).old[1].png in Resources */ = {isa = PBXBuildFile; fileRef = 870A1A2A226299FF004E9843 /* Gilligan's Island (Midway 1991).old[1].png */; };
		870A1A7822629A00004E9843 /* IronMan (Stern 2013).png in Resources */ = {isa = PBXBuildFile; fileRef = 870A1A2B226299FF004E9843 /* IronMan (Stern 2013).png */; };
		870A1A7922629A00004E9843 /* Safe Cracker (Bally 1996).old[1].png in Resources */ = {isa = PBXBuildFile; fileRef = 870A1A2C226299FF004E9843 /* Safe Cracker (Bally 1996).old[1].png */; };
		870A1A7A22629A00004E9843 /* Adventures of Rocky and Bullwinkle and Friends (Data East 1993).old[1].png in Resources */ = {isa = PBXBuildFile; fileRef = 870A1A2D226299FF004E9843 /* Adventures of Rocky and Bullwinkle and Friends (Data East 1993).old[1].png */; };
		870A1A7B22629A00004E9843 /* Batman The Dark Knight (Stern 2008).png in Resources */ = {isa = PBXBuildFile; fileRef = 870A1A2E226299FF004E9843 /* Batman The Dark Knight (Stern 2008).png */; };
		870A1A7C22629A00004E9843 /* Gilligan's Island (Midway 1991).old[2].png in Resources */ = {isa = PBXBuildFile; fileRef = 870A1A2F226299FF004E9843 /* Gilligan's Island (Midway 1991).old[2].png */; };
		870A1A7D22629A00004E9843 /* NBA Fastbreak (Bally 1997).png in Resources */ = {isa = PBXBuildFile; fileRef = 870A1A30226299FF004E9843 /* NBA Fastbreak (Bally 1997).png */; };
		870A1A7E22629A00004E9843 /* Genesis (Gottlieb 1986).png in Resources */ = {isa = PBXBuildFile; fileRef = 870A1A31226299FF004E9843 /* Genesis (Gottlieb 1986).png */; };
		870A1A7F22629A00004E9843 /* Dirty Harry (Williams 1995).old[1].png in Resources */ = {isa = PBXBuildFile; fileRef = 870A1A32226299FF004E9843 /* Dirty Harry (Williams 1995).old[1].png */; };
		870A1A8022629A00004E9843 /* Creature from the Black Lagoon (Midway 1992).old[1].png in Resources */ = {isa = PBXBuildFile; fileRef = 870A1A33226299FF004E9843 /* Creature from the Black Lagoon (Midway 1992).old[1].png */; };
		870A1A8122629A00004E9843 /* ACDC Premium (Stern 2012).png in Resources */ = {isa = PBXBuildFile; fileRef = 870A1A34226299FF004E9843 /* ACDC Premium (Stern 2012).png */; };
		870A1A8222629A00004E9843 /* Guns N' Roses (Data East 1994).png in Resources */ = {isa = PBXBuildFile; fileRef = 870A1A35226299FF004E9843 /* Guns N' Roses (Data East 1994).png */; };
		870A1A8322629A00004E9843 /* Doctor Who (Midway 1992).png in Resources */ = {isa = PBXBuildFile; fileRef = 870A1A36226299FF004E9843 /* Doctor Who (Midway 1992).png */; };
		870A1A8422629A00004E9843 /* Minions (Mod 2017).png in Resources */ = {isa = PBXBuildFile; fileRef = 870A1A37226299FF004E9843 /* Minions (Mod 2017).png */; };
		870A1A8522629A00004E9843 /* Kidnap (CIC Play 1986).png in Resources */ = {isa = PBXBuildFile; fileRef = 870A1A38226299FF004E9843 /* Kidnap (CIC Play 1986).png */; };
		870A1A8622629A00004E9843 /* Judge Dredd (Bally 1993).png in Resources */ = {isa = PBXBuildFile; fileRef = 870A1A39226299FF004E9843 /* Judge Dredd (Bally 1993).png */; };
		870A1A8722629A00004E9843 /* Baby Pac-Man (Bally 1983).png in Resources */ = {isa = PBXBuildFile; fileRef = 870A1A3A226299FF004E9843 /* Baby Pac-Man (Bally 1983).png */; };
		870A1A8822629A00004E9843 /* Medieval Madness (Williams 1997).png in Resources */ = {isa = PBXBuildFile; fileRef = 870A1A3B226299FF004E9843 /* Medieval Madness (Williams 1997).png */; };
		870A1A8922629A00004E9843 /* Adventures of Rocky and Bullwinkle and Friends (Data East 1993).png in Resources */ = {isa = PBXBuildFile; fileRef = 870A1A3C226299FF004E9843 /* Adventures of Rocky and Bullwinkle and Friends (Data East 1993).png */; };
		870A1A8A22629A00004E9843 /* AC;DC (Premium) (Stern 2012).png in Resources */ = {isa = PBXBuildFile; fileRef = 870A1A3D226299FF004E9843 /* AC;DC (Premium) (Stern 2012).png */; };
		870A1A8B22629A00004E9843 /* Cactus Canyon (Bally 1998).png in Resources */ = {isa = PBXBuildFile; fileRef = 870A1A3E226299FF004E9843 /* Cactus Canyon (Bally 1998).png */; };
		870A1A8C22629A00004E9843 /* Heavy Metal Meltdown (Bally 1987).png in Resources */ = {isa = PBXBuildFile; fileRef = 870A1A3F226299FF004E9843 /* Heavy Metal Meltdown (Bally 1987).png */; };
		870A1A8D22629A00004E9843 /* Freddy A Nightmare on Elm Street (Premier 1994).png in Resources */ = {isa = PBXBuildFile; fileRef = 870A1A40226299FF004E9843 /* Freddy A Nightmare on Elm Street (Premier 1994).png */; };
		870A1A8E22629A00004E9843 /* Indiana Jones The Pinball Adventure (Williams 1993).png in Resources */ = {isa = PBXBuildFile; fileRef = 870A1A41226299FF004E9843 /* Indiana Jones The Pinball Adventure (Williams 1993).png */; };
		870A1A8F22629A00004E9843 /* Flash Gordon (Bally 1981).png in Resources */ = {isa = PBXBuildFile; fileRef = 870A1A42226299FF004E9843 /* Flash Gordon (Bally 1981).png */; };
		870A1A9022629A00004E9843 /* Bubba the Redneck Werewolf (Original 2017).png in Resources */ = {isa = PBXBuildFile; fileRef = 870A1A43226299FF004E9843 /* Bubba the Redneck Werewolf (Original 2017).png */; };
		870A1A9122629A00004E9843 /* NASCAR (Stern 2005).png in Resources */ = {isa = PBXBuildFile; fileRef = 870A1A44226299FF004E9843 /* NASCAR (Stern 2005).png */; };
		870A1A9222629A00004E9843 /* Johnny Mnemonic (Williams 1995).png in Resources */ = {isa = PBXBuildFile; fileRef = 870A1A45226299FF004E9843 /* Johnny Mnemonic (Williams 1995).png */; };
		870A1A9322629A00004E9843 /* Harlem Globetrotters On Tour (Bally 1979).png in Resources */ = {isa = PBXBuildFile; fileRef = 870A1A46226299FF004E9843 /* Harlem Globetrotters On Tour (Bally 1979).png */; };
		870A1A9422629A00004E9843 /* Black Hole (Gottlieb 1981).png in Resources */ = {isa = PBXBuildFile; fileRef = 870A1A47226299FF004E9843 /* Black Hole (Gottlieb 1981).png */; };
		870A1A9522629A00004E9843 /* Attack from Mars (Midway 1995).png in Resources */ = {isa = PBXBuildFile; fileRef = 870A1A48226299FF004E9843 /* Attack from Mars (Midway 1995).png */; };
		870A1A9622629A00004E9843 /* Indianapolis 500 (Midway 1995).old[1].png in Resources */ = {isa = PBXBuildFile; fileRef = 870A1A49226299FF004E9843 /* Indianapolis 500 (Midway 1995).old[1].png */; };
		870A1A9722629A00004E9843 /* Getaway, The - High Speed II v1.1 (Williams 1996).png in Resources */ = {isa = PBXBuildFile; fileRef = 870A1A4A226299FF004E9843 /* Getaway, The - High Speed II v1.1 (Williams 1996).png */; };
		870A1A9822629A00004E9843 /* Gold Wings (Gottlieb 1986) (Gottlieb 1986).png in Resources */ = {isa = PBXBuildFile; fileRef = 870A1A4B226299FF004E9843 /* Gold Wings (Gottlieb 1986) (Gottlieb 1986).png */; };
		870A1A9922629A00004E9843 /* Back to the Future (Data East 1990).old[2].png in Resources */ = {isa = PBXBuildFile; fileRef = 870A1A4C226299FF004E9843 /* Back to the Future (Data East 1990).old[2].png */; };
		870A1A9A22629A00004E9843 /* Funhouse (Williams 1990).png in Resources */ = {isa = PBXBuildFile; fileRef = 870A1A4D226299FF004E9843 /* Funhouse (Williams 1990).png */; };
		870A1A9B22629A00004E9843 /* Monster Bash X - NZ&TT 1.3 (Williams 1993).png in Resources */ = {isa = PBXBuildFile; fileRef = 870A1A4E226299FF004E9843 /* Monster Bash X - NZ&TT 1.3 (Williams 1993).png */; };
		870A1A9C22629A00004E9843 /* Black Knight 2000 (Williams 1989).png in Resources */ = {isa = PBXBuildFile; fileRef = 870A1A4F226299FF004E9843 /* Black Knight 2000 (Williams 1989).png */; };
		870A1A9D22629A00004E9843 /* Jurassic Park (Data East 1993).png in Resources */ = {isa = PBXBuildFile; fileRef = 870A1A50226299FF004E9843 /* Jurassic Park (Data East 1993).png */; };
		870A1A9E22629A00004E9843 /* Batman (Data East 1991).png in Resources */ = {isa = PBXBuildFile; fileRef = 870A1A51226299FF004E9843 /* Batman (Data East 1991).png */; };
		870A1A9F22629A00004E9843 /* Harley Quinn (HauntFreaks 2017).old[1].png in Resources */ = {isa = PBXBuildFile; fileRef = 870A1A52226299FF004E9843 /* Harley Quinn (HauntFreaks 2017).old[1].png */; };
		870A1AA022629A00004E9843 /* Diner (Williams 1990).png in Resources */ = {isa = PBXBuildFile; fileRef = 870A1A53226299FF004E9843 /* Diner (Williams 1990).png */; };
		870A1AA122629A00004E9843 /* Hook (Data East 1992).png in Resources */ = {isa = PBXBuildFile; fileRef = 870A1A54226299FF004E9843 /* Hook (Data East 1992).png */; };
		870A1AAC2262ED9E004E9843 /* YTView.swift in Sources */ = {isa = PBXBuildFile; fileRef = 870A1AAB2262ED9E004E9843 /* YTView.swift */; };
		870BA4D52263F8CE00610101 /* WKYTPlayerView.bundle in Resources */ = {isa = PBXBuildFile; fileRef = 870BA4D32263F8CD00610101 /* WKYTPlayerView.bundle */; };
		870BA4D62263F8CE00610101 /* WKYTPlayerView.m in Sources */ = {isa = PBXBuildFile; fileRef = 870BA4D42263F8CE00610101 /* WKYTPlayerView.m */; };
		874BCB0D225EB1A50075434E /* AppDelegate.swift in Sources */ = {isa = PBXBuildFile; fileRef = 874BCB0C225EB1A50075434E /* AppDelegate.swift */; };
		876AC9B42241ED8700A5E0ED /* MasterViewController.swift in Sources */ = {isa = PBXBuildFile; fileRef = 876AC9B32241ED8700A5E0ED /* MasterViewController.swift */; };
		876AC9B62241ED8700A5E0ED /* DetailViewController.swift in Sources */ = {isa = PBXBuildFile; fileRef = 876AC9B52241ED8700A5E0ED /* DetailViewController.swift */; };
		876AC9B92241ED8700A5E0ED /* Main.storyboard in Resources */ = {isa = PBXBuildFile; fileRef = 876AC9B72241ED8700A5E0ED /* Main.storyboard */; };
		876AC9BB2241ED8800A5E0ED /* Assets.xcassets in Resources */ = {isa = PBXBuildFile; fileRef = 876AC9BA2241ED8800A5E0ED /* Assets.xcassets */; };
		876AC9BE2241ED8800A5E0ED /* LaunchScreen.storyboard in Resources */ = {isa = PBXBuildFile; fileRef = 876AC9BC2241ED8800A5E0ED /* LaunchScreen.storyboard */; };
		876AC9C62241EE0200A5E0ED /* VPinTable.swift in Sources */ = {isa = PBXBuildFile; fileRef = 876AC9C52241EE0200A5E0ED /* VPinTable.swift */; };
		876AC9C92242025800A5E0ED /* Default Backglass.png in Resources */ = {isa = PBXBuildFile; fileRef = 876AC9C72242025800A5E0ED /* Default Backglass.png */; };
		876AC9CA2242025800A5E0ED /* Default Playfield.png in Resources */ = {isa = PBXBuildFile; fileRef = 876AC9C82242025800A5E0ED /* Default Playfield.png */; };
		879FD03A2249F0F700FAB167 /* woot.json in Resources */ = {isa = PBXBuildFile; fileRef = 879FD0392249F0F700FAB167 /* woot.json */; };
		87B9210B225DD003006B9942 /* AllThePinsTests.swift in Sources */ = {isa = PBXBuildFile; fileRef = 87B9210A225DD003006B9942 /* AllThePinsTests.swift */; };
/* End PBXBuildFile section */

/* Begin PBXContainerItemProxy section */
		87B9210D225DD003006B9942 /* PBXContainerItemProxy */ = {
			isa = PBXContainerItemProxy;
			containerPortal = 876AC9A62241ED8700A5E0ED /* Project object */;
			proxyType = 1;
			remoteGlobalIDString = 876AC9AD2241ED8700A5E0ED;
			remoteInfo = AllThePins;
		};
/* End PBXContainerItemProxy section */

/* Begin PBXFileReference section */
		870A1A08226299FF004E9843 /* Indianapolis 500 (Bally 1995).png */ = {isa = PBXFileReference; lastKnownFileType = image.png; path = "Indianapolis 500 (Bally 1995).png"; sourceTree = "<group>"; };
		870A1A09226299FF004E9843 /* CARtoons RC (Original 2017).png */ = {isa = PBXFileReference; lastKnownFileType = image.png; path = "CARtoons RC (Original 2017).png"; sourceTree = "<group>"; };
		870A1A0A226299FF004E9843 /* Fire! (Williams 1987).png */ = {isa = PBXFileReference; lastKnownFileType = image.png; path = "Fire! (Williams 1987).png"; sourceTree = "<group>"; };
		870A1A0B226299FF004E9843 /* Iron Man (Stern 2013).png */ = {isa = PBXFileReference; lastKnownFileType = image.png; path = "Iron Man (Stern 2013).png"; sourceTree = "<group>"; };
		870A1A0C226299FF004E9843 /* Pirates Of the Caribbean (Stern 2006).png */ = {isa = PBXFileReference; lastKnownFileType = image.png; path = "Pirates Of the Caribbean (Stern 2006).png"; sourceTree = "<group>"; };
		870A1A0D226299FF004E9843 /* Robocop (Data East 1989).png */ = {isa = PBXFileReference; lastKnownFileType = image.png; path = "Robocop (Data East 1989).png"; sourceTree = "<group>"; };
		870A1A0E226299FF004E9843 /* Monster Bash (Williams 1998).old[2].png */ = {isa = PBXFileReference; lastKnownFileType = image.png; path = "Monster Bash (Williams 1998).old[2].png"; sourceTree = "<group>"; };
		870A1A0F226299FF004E9843 /* Ghostbusters LE 1.0 (Stern 2012).png */ = {isa = PBXFileReference; lastKnownFileType = image.png; path = "Ghostbusters LE 1.0 (Stern 2012).png"; sourceTree = "<group>"; };
		870A1A10226299FF004E9843 /* Cyclone (Williams 1988).png */ = {isa = PBXFileReference; lastKnownFileType = image.png; path = "Cyclone (Williams 1988).png"; sourceTree = "<group>"; };
		870A1A11226299FF004E9843 /* Creature from the Black Lagoon (Bally 1992).png */ = {isa = PBXFileReference; lastKnownFileType = image.png; path = "Creature from the Black Lagoon (Bally 1992).png"; sourceTree = "<group>"; };
		870A1A12226299FF004E9843 /* Demolition Man (Williams 1994).png */ = {isa = PBXFileReference; lastKnownFileType = image.png; path = "Demolition Man (Williams 1994).png"; sourceTree = "<group>"; };
		870A1A13226299FF004E9843 /* Amazing Spider-Man (Stern 193).png */ = {isa = PBXFileReference; lastKnownFileType = image.png; path = "Amazing Spider-Man (Stern 193).png"; sourceTree = "<group>"; };
		870A1A14226299FF004E9843 /* Back to the Future (Data East 1990).old[1].png */ = {isa = PBXFileReference; lastKnownFileType = image.png; path = "Back to the Future (Data East 1990).old[1].png"; sourceTree = "<group>"; };
		870A1A15226299FF004E9843 /* High Speed (Williams 1986).png */ = {isa = PBXFileReference; lastKnownFileType = image.png; path = "High Speed (Williams 1986).png"; sourceTree = "<group>"; };
		870A1A16226299FF004E9843 /* Family Guy (Stern 2007).png */ = {isa = PBXFileReference; lastKnownFileType = image.png; path = "Family Guy (Stern 2007).png"; sourceTree = "<group>"; };
		870A1A17226299FF004E9843 /* Johnny Mnemonic (Williams 1996).png */ = {isa = PBXFileReference; lastKnownFileType = image.png; path = "Johnny Mnemonic (Williams 1996).png"; sourceTree = "<group>"; };
		870A1A18226299FF004E9843 /* Ghostbusters (Limited Edition) (Stern 2016).png */ = {isa = PBXFileReference; lastKnownFileType = image.png; path = "Ghostbusters (Limited Edition) (Stern 2016).png"; sourceTree = "<group>"; };
		870A1A19226299FF004E9843 /* Funhouse (Williams 1990).old[1].png */ = {isa = PBXFileReference; lastKnownFileType = image.png; path = "Funhouse (Williams 1990).old[1].png"; sourceTree = "<group>"; };
		870A1A1A226299FF004E9843 /* Austin Powers (Stern 2001).png */ = {isa = PBXFileReference; lastKnownFileType = image.png; path = "Austin Powers (Stern 2001).png"; sourceTree = "<group>"; };
		870A1A1B226299FF004E9843 /* Harley Quinn (Original 2017).png */ = {isa = PBXFileReference; lastKnownFileType = image.png; path = "Harley Quinn (Original 2017).png"; sourceTree = "<group>"; };
		870A1A1C226299FF004E9843 /* Gilligan's Island (Bally 1991).png */ = {isa = PBXFileReference; lastKnownFileType = image.png; path = "Gilligan's Island (Bally 1991).png"; sourceTree = "<group>"; };
		870A1A1D226299FF004E9843 /* A Real American Hero (Original 1980).png */ = {isa = PBXFileReference; lastKnownFileType = image.png; path = "A Real American Hero (Original 1980).png"; sourceTree = "<group>"; };
		870A1A1E226299FF004E9843 /* Fish Tales (Williams 1992).png */ = {isa = PBXFileReference; lastKnownFileType = image.png; path = "Fish Tales (Williams 1992).png"; sourceTree = "<group>"; };
		870A1A1F226299FF004E9843 /* Monster Bash (Williams 1998).png */ = {isa = PBXFileReference; lastKnownFileType = image.png; path = "Monster Bash (Williams 1998).png"; sourceTree = "<group>"; };
		870A1A20226299FF004E9843 /* Bugs Bunny's Birthday Ball (Bally 1991).png */ = {isa = PBXFileReference; lastKnownFileType = image.png; path = "Bugs Bunny's Birthday Ball (Bally 1991).png"; sourceTree = "<group>"; };
		870A1A21226299FF004E9843 /* Disney TRON Legacy (Stern 2011).png */ = {isa = PBXFileReference; lastKnownFileType = image.png; path = "Disney TRON Legacy (Stern 2011).png"; sourceTree = "<group>"; };
		870A1A22226299FF004E9843 /* Beach Bums (Original 2018).png */ = {isa = PBXFileReference; lastKnownFileType = image.png; path = "Beach Bums (Original 2018).png"; sourceTree = "<group>"; };
		870A1A23226299FF004E9843 /* Dirty Harry (Williams 1995).png */ = {isa = PBXFileReference; lastKnownFileType = image.png; path = "Dirty Harry (Williams 1995).png"; sourceTree = "<group>"; };
		870A1A24226299FF004E9843 /* Batman (Stern 2008).png */ = {isa = PBXFileReference; lastKnownFileType = image.png; path = "Batman (Stern 2008).png"; sourceTree = "<group>"; };
		870A1A25226299FF004E9843 /* Back to the Future (Data East 1990).png */ = {isa = PBXFileReference; lastKnownFileType = image.png; path = "Back to the Future (Data East 1990).png"; sourceTree = "<group>"; };
		870A1A26226299FF004E9843 /* Pinball Magic (Capcom 1995).png */ = {isa = PBXFileReference; lastKnownFileType = image.png; path = "Pinball Magic (Capcom 1995).png"; sourceTree = "<group>"; };
		870A1A27226299FF004E9843 /* Cirqus Voltaire (Midway 1997).png */ = {isa = PBXFileReference; lastKnownFileType = image.png; path = "Cirqus Voltaire (Midway 1997).png"; sourceTree = "<group>"; };
		870A1A28226299FF004E9843 /* Goldorak (Original 2017).png */ = {isa = PBXFileReference; lastKnownFileType = image.png; path = "Goldorak (Original 2017).png"; sourceTree = "<group>"; };
		870A1A29226299FF004E9843 /* Safe Cracker (Bally 1996).old[2].png */ = {isa = PBXFileReference; lastKnownFileType = image.png; path = "Safe Cracker (Bally 1996).old[2].png"; sourceTree = "<group>"; };
		870A1A2A226299FF004E9843 /* Gilligan's Island (Midway 1991).old[1].png */ = {isa = PBXFileReference; lastKnownFileType = image.png; path = "Gilligan's Island (Midway 1991).old[1].png"; sourceTree = "<group>"; };
		870A1A2B226299FF004E9843 /* IronMan (Stern 2013).png */ = {isa = PBXFileReference; lastKnownFileType = image.png; path = "IronMan (Stern 2013).png"; sourceTree = "<group>"; };
		870A1A2C226299FF004E9843 /* Safe Cracker (Bally 1996).old[1].png */ = {isa = PBXFileReference; lastKnownFileType = image.png; path = "Safe Cracker (Bally 1996).old[1].png"; sourceTree = "<group>"; };
		870A1A2D226299FF004E9843 /* Adventures of Rocky and Bullwinkle and Friends (Data East 1993).old[1].png */ = {isa = PBXFileReference; lastKnownFileType = image.png; path = "Adventures of Rocky and Bullwinkle and Friends (Data East 1993).old[1].png"; sourceTree = "<group>"; };
		870A1A2E226299FF004E9843 /* Batman The Dark Knight (Stern 2008).png */ = {isa = PBXFileReference; lastKnownFileType = image.png; path = "Batman The Dark Knight (Stern 2008).png"; sourceTree = "<group>"; };
		870A1A2F226299FF004E9843 /* Gilligan's Island (Midway 1991).old[2].png */ = {isa = PBXFileReference; lastKnownFileType = image.png; path = "Gilligan's Island (Midway 1991).old[2].png"; sourceTree = "<group>"; };
		870A1A30226299FF004E9843 /* NBA Fastbreak (Bally 1997).png */ = {isa = PBXFileReference; lastKnownFileType = image.png; path = "NBA Fastbreak (Bally 1997).png"; sourceTree = "<group>"; };
		870A1A31226299FF004E9843 /* Genesis (Gottlieb 1986).png */ = {isa = PBXFileReference; lastKnownFileType = image.png; path = "Genesis (Gottlieb 1986).png"; sourceTree = "<group>"; };
		870A1A32226299FF004E9843 /* Dirty Harry (Williams 1995).old[1].png */ = {isa = PBXFileReference; lastKnownFileType = image.png; path = "Dirty Harry (Williams 1995).old[1].png"; sourceTree = "<group>"; };
		870A1A33226299FF004E9843 /* Creature from the Black Lagoon (Midway 1992).old[1].png */ = {isa = PBXFileReference; lastKnownFileType = image.png; path = "Creature from the Black Lagoon (Midway 1992).old[1].png"; sourceTree = "<group>"; };
		870A1A34226299FF004E9843 /* ACDC Premium (Stern 2012).png */ = {isa = PBXFileReference; lastKnownFileType = image.png; path = "ACDC Premium (Stern 2012).png"; sourceTree = "<group>"; };
		870A1A35226299FF004E9843 /* Guns N' Roses (Data East 1994).png */ = {isa = PBXFileReference; lastKnownFileType = image.png; path = "Guns N' Roses (Data East 1994).png"; sourceTree = "<group>"; };
		870A1A36226299FF004E9843 /* Doctor Who (Midway 1992).png */ = {isa = PBXFileReference; lastKnownFileType = image.png; path = "Doctor Who (Midway 1992).png"; sourceTree = "<group>"; };
		870A1A37226299FF004E9843 /* Minions (Mod 2017).png */ = {isa = PBXFileReference; lastKnownFileType = image.png; path = "Minions (Mod 2017).png"; sourceTree = "<group>"; };
		870A1A38226299FF004E9843 /* Kidnap (CIC Play 1986).png */ = {isa = PBXFileReference; lastKnownFileType = image.png; path = "Kidnap (CIC Play 1986).png"; sourceTree = "<group>"; };
		870A1A39226299FF004E9843 /* Judge Dredd (Bally 1993).png */ = {isa = PBXFileReference; lastKnownFileType = image.png; path = "Judge Dredd (Bally 1993).png"; sourceTree = "<group>"; };
		870A1A3A226299FF004E9843 /* Baby Pac-Man (Bally 1983).png */ = {isa = PBXFileReference; lastKnownFileType = image.png; path = "Baby Pac-Man (Bally 1983).png"; sourceTree = "<group>"; };
		870A1A3B226299FF004E9843 /* Medieval Madness (Williams 1997).png */ = {isa = PBXFileReference; lastKnownFileType = image.png; path = "Medieval Madness (Williams 1997).png"; sourceTree = "<group>"; };
		870A1A3C226299FF004E9843 /* Adventures of Rocky and Bullwinkle and Friends (Data East 1993).png */ = {isa = PBXFileReference; lastKnownFileType = image.png; path = "Adventures of Rocky and Bullwinkle and Friends (Data East 1993).png"; sourceTree = "<group>"; };
		870A1A3D226299FF004E9843 /* AC;DC (Premium) (Stern 2012).png */ = {isa = PBXFileReference; lastKnownFileType = image.png; path = "AC;DC (Premium) (Stern 2012).png"; sourceTree = "<group>"; };
		870A1A3E226299FF004E9843 /* Cactus Canyon (Bally 1998).png */ = {isa = PBXFileReference; lastKnownFileType = image.png; path = "Cactus Canyon (Bally 1998).png"; sourceTree = "<group>"; };
		870A1A3F226299FF004E9843 /* Heavy Metal Meltdown (Bally 1987).png */ = {isa = PBXFileReference; lastKnownFileType = image.png; path = "Heavy Metal Meltdown (Bally 1987).png"; sourceTree = "<group>"; };
		870A1A40226299FF004E9843 /* Freddy A Nightmare on Elm Street (Premier 1994).png */ = {isa = PBXFileReference; lastKnownFileType = image.png; path = "Freddy A Nightmare on Elm Street (Premier 1994).png"; sourceTree = "<group>"; };
		870A1A41226299FF004E9843 /* Indiana Jones The Pinball Adventure (Williams 1993).png */ = {isa = PBXFileReference; lastKnownFileType = image.png; path = "Indiana Jones The Pinball Adventure (Williams 1993).png"; sourceTree = "<group>"; };
		870A1A42226299FF004E9843 /* Flash Gordon (Bally 1981).png */ = {isa = PBXFileReference; lastKnownFileType = image.png; path = "Flash Gordon (Bally 1981).png"; sourceTree = "<group>"; };
		870A1A43226299FF004E9843 /* Bubba the Redneck Werewolf (Original 2017).png */ = {isa = PBXFileReference; lastKnownFileType = image.png; path = "Bubba the Redneck Werewolf (Original 2017).png"; sourceTree = "<group>"; };
		870A1A44226299FF004E9843 /* NASCAR (Stern 2005).png */ = {isa = PBXFileReference; lastKnownFileType = image.png; path = "NASCAR (Stern 2005).png"; sourceTree = "<group>"; };
		870A1A45226299FF004E9843 /* Johnny Mnemonic (Williams 1995).png */ = {isa = PBXFileReference; lastKnownFileType = image.png; path = "Johnny Mnemonic (Williams 1995).png"; sourceTree = "<group>"; };
		870A1A46226299FF004E9843 /* Harlem Globetrotters On Tour (Bally 1979).png */ = {isa = PBXFileReference; lastKnownFileType = image.png; path = "Harlem Globetrotters On Tour (Bally 1979).png"; sourceTree = "<group>"; };
		870A1A47226299FF004E9843 /* Black Hole (Gottlieb 1981).png */ = {isa = PBXFileReference; lastKnownFileType = image.png; path = "Black Hole (Gottlieb 1981).png"; sourceTree = "<group>"; };
		870A1A48226299FF004E9843 /* Attack from Mars (Midway 1995).png */ = {isa = PBXFileReference; lastKnownFileType = image.png; path = "Attack from Mars (Midway 1995).png"; sourceTree = "<group>"; };
		870A1A49226299FF004E9843 /* Indianapolis 500 (Midway 1995).old[1].png */ = {isa = PBXFileReference; lastKnownFileType = image.png; path = "Indianapolis 500 (Midway 1995).old[1].png"; sourceTree = "<group>"; };
		870A1A4A226299FF004E9843 /* Getaway, The - High Speed II v1.1 (Williams 1996).png */ = {isa = PBXFileReference; lastKnownFileType = image.png; path = "Getaway, The - High Speed II v1.1 (Williams 1996).png"; sourceTree = "<group>"; };
		870A1A4B226299FF004E9843 /* Gold Wings (Gottlieb 1986) (Gottlieb 1986).png */ = {isa = PBXFileReference; lastKnownFileType = image.png; path = "Gold Wings (Gottlieb 1986) (Gottlieb 1986).png"; sourceTree = "<group>"; };
		870A1A4C226299FF004E9843 /* Back to the Future (Data East 1990).old[2].png */ = {isa = PBXFileReference; lastKnownFileType = image.png; path = "Back to the Future (Data East 1990).old[2].png"; sourceTree = "<group>"; };
		870A1A4D226299FF004E9843 /* Funhouse (Williams 1990).png */ = {isa = PBXFileReference; lastKnownFileType = image.png; path = "Funhouse (Williams 1990).png"; sourceTree = "<group>"; };
		870A1A4E226299FF004E9843 /* Monster Bash X - NZ&TT 1.3 (Williams 1993).png */ = {isa = PBXFileReference; lastKnownFileType = image.png; path = "Monster Bash X - NZ&TT 1.3 (Williams 1993).png"; sourceTree = "<group>"; };
		870A1A4F226299FF004E9843 /* Black Knight 2000 (Williams 1989).png */ = {isa = PBXFileReference; lastKnownFileType = image.png; path = "Black Knight 2000 (Williams 1989).png"; sourceTree = "<group>"; };
		870A1A50226299FF004E9843 /* Jurassic Park (Data East 1993).png */ = {isa = PBXFileReference; lastKnownFileType = image.png; path = "Jurassic Park (Data East 1993).png"; sourceTree = "<group>"; };
		870A1A51226299FF004E9843 /* Batman (Data East 1991).png */ = {isa = PBXFileReference; lastKnownFileType = image.png; path = "Batman (Data East 1991).png"; sourceTree = "<group>"; };
		870A1A52226299FF004E9843 /* Harley Quinn (HauntFreaks 2017).old[1].png */ = {isa = PBXFileReference; lastKnownFileType = image.png; path = "Harley Quinn (HauntFreaks 2017).old[1].png"; sourceTree = "<group>"; };
		870A1A53226299FF004E9843 /* Diner (Williams 1990).png */ = {isa = PBXFileReference; lastKnownFileType = image.png; path = "Diner (Williams 1990).png"; sourceTree = "<group>"; };
		870A1A54226299FF004E9843 /* Hook (Data East 1992).png */ = {isa = PBXFileReference; lastKnownFileType = image.png; path = "Hook (Data East 1992).png"; sourceTree = "<group>"; };
		870A1AAB2262ED9E004E9843 /* YTView.swift */ = {isa = PBXFileReference; lastKnownFileType = sourcecode.swift; path = YTView.swift; sourceTree = "<group>"; };
		870BA4D12263F8CD00610101 /* AllThePins-Bridging-Header.h */ = {isa = PBXFileReference; lastKnownFileType = sourcecode.c.h; path = "AllThePins-Bridging-Header.h"; sourceTree = "<group>"; };
		870BA4D22263F8CD00610101 /* WKYTPlayerView.h */ = {isa = PBXFileReference; fileEncoding = 4; lastKnownFileType = sourcecode.c.h; name = WKYTPlayerView.h; path = ThirdParty/WKYTPlayer/WKYTPlayerView.h; sourceTree = "<group>"; };
		870BA4D32263F8CD00610101 /* WKYTPlayerView.bundle */ = {isa = PBXFileReference; lastKnownFileType = "wrapper.plug-in"; name = WKYTPlayerView.bundle; path = ThirdParty/WKYTPlayer/WKYTPlayerView.bundle; sourceTree = "<group>"; };
		870BA4D42263F8CE00610101 /* WKYTPlayerView.m */ = {isa = PBXFileReference; fileEncoding = 4; lastKnownFileType = sourcecode.c.objc; name = WKYTPlayerView.m; path = ThirdParty/WKYTPlayer/WKYTPlayerView.m; sourceTree = "<group>"; };
		874BCB0C225EB1A50075434E /* AppDelegate.swift */ = {isa = PBXFileReference; fileEncoding = 4; lastKnownFileType = sourcecode.swift; path = AppDelegate.swift; sourceTree = "<group>"; };
		876AC9AE2241ED8700A5E0ED /* AllThePins.app */ = {isa = PBXFileReference; explicitFileType = wrapper.application; includeInIndex = 0; path = AllThePins.app; sourceTree = BUILT_PRODUCTS_DIR; };
		876AC9B32241ED8700A5E0ED /* MasterViewController.swift */ = {isa = PBXFileReference; lastKnownFileType = sourcecode.swift; path = MasterViewController.swift; sourceTree = "<group>"; };
		876AC9B52241ED8700A5E0ED /* DetailViewController.swift */ = {isa = PBXFileReference; lastKnownFileType = sourcecode.swift; path = DetailViewController.swift; sourceTree = "<group>"; };
		876AC9B82241ED8700A5E0ED /* Base */ = {isa = PBXFileReference; lastKnownFileType = file.storyboard; name = Base; path = Base.lproj/Main.storyboard; sourceTree = "<group>"; };
		876AC9BA2241ED8800A5E0ED /* Assets.xcassets */ = {isa = PBXFileReference; lastKnownFileType = folder.assetcatalog; path = Assets.xcassets; sourceTree = "<group>"; };
		876AC9BD2241ED8800A5E0ED /* Base */ = {isa = PBXFileReference; lastKnownFileType = file.storyboard; name = Base; path = Base.lproj/LaunchScreen.storyboard; sourceTree = "<group>"; };
		876AC9BF2241ED8800A5E0ED /* Info.plist */ = {isa = PBXFileReference; lastKnownFileType = text.plist.xml; path = Info.plist; sourceTree = "<group>"; };
		876AC9C52241EE0200A5E0ED /* VPinTable.swift */ = {isa = PBXFileReference; lastKnownFileType = sourcecode.swift; path = VPinTable.swift; sourceTree = "<group>"; };
		876AC9C72242025800A5E0ED /* Default Backglass.png */ = {isa = PBXFileReference; lastKnownFileType = image.png; name = "Default Backglass.png"; path = "AllThePins/Default Backglass.png"; sourceTree = SOURCE_ROOT; };
		876AC9C82242025800A5E0ED /* Default Playfield.png */ = {isa = PBXFileReference; lastKnownFileType = image.png; name = "Default Playfield.png"; path = "AllThePins/Default Playfield.png"; sourceTree = SOURCE_ROOT; };
		879FD0392249F0F700FAB167 /* woot.json */ = {isa = PBXFileReference; fileEncoding = 4; lastKnownFileType = text.json; path = woot.json; sourceTree = "<group>"; };
		87B92108225DD003006B9942 /* AllThePinsTests.xctest */ = {isa = PBXFileReference; explicitFileType = wrapper.cfbundle; includeInIndex = 0; path = AllThePinsTests.xctest; sourceTree = BUILT_PRODUCTS_DIR; };
		87B9210A225DD003006B9942 /* AllThePinsTests.swift */ = {isa = PBXFileReference; lastKnownFileType = sourcecode.swift; path = AllThePinsTests.swift; sourceTree = "<group>"; };
		87B9210C225DD003006B9942 /* Info.plist */ = {isa = PBXFileReference; lastKnownFileType = text.plist.xml; path = Info.plist; sourceTree = "<group>"; };
/* End PBXFileReference section */

/* Begin PBXFrameworksBuildPhase section */
		876AC9AB2241ED8700A5E0ED /* Frameworks */ = {
			isa = PBXFrameworksBuildPhase;
			buildActionMask = 2147483647;
			files = (
			);
			runOnlyForDeploymentPostprocessing = 0;
		};
		87B92105225DD003006B9942 /* Frameworks */ = {
			isa = PBXFrameworksBuildPhase;
			buildActionMask = 2147483647;
			files = (
			);
			runOnlyForDeploymentPostprocessing = 0;
		};
/* End PBXFrameworksBuildPhase section */

/* Begin PBXGroup section */
		870A1A07226299FF004E9843 /* newfiles */ = {
			isa = PBXGroup;
			children = (
				870A1A08226299FF004E9843 /* Indianapolis 500 (Bally 1995).png */,
				870A1A09226299FF004E9843 /* CARtoons RC (Original 2017).png */,
				870A1A0A226299FF004E9843 /* Fire! (Williams 1987).png */,
				870A1A0B226299FF004E9843 /* Iron Man (Stern 2013).png */,
				870A1A0C226299FF004E9843 /* Pirates Of the Caribbean (Stern 2006).png */,
				870A1A0D226299FF004E9843 /* Robocop (Data East 1989).png */,
				870A1A0E226299FF004E9843 /* Monster Bash (Williams 1998).old[2].png */,
				870A1A0F226299FF004E9843 /* Ghostbusters LE 1.0 (Stern 2012).png */,
				870A1A10226299FF004E9843 /* Cyclone (Williams 1988).png */,
				870A1A11226299FF004E9843 /* Creature from the Black Lagoon (Bally 1992).png */,
				870A1A12226299FF004E9843 /* Demolition Man (Williams 1994).png */,
				870A1A13226299FF004E9843 /* Amazing Spider-Man (Stern 193).png */,
				870A1A14226299FF004E9843 /* Back to the Future (Data East 1990).old[1].png */,
				870A1A15226299FF004E9843 /* High Speed (Williams 1986).png */,
				870A1A16226299FF004E9843 /* Family Guy (Stern 2007).png */,
				870A1A17226299FF004E9843 /* Johnny Mnemonic (Williams 1996).png */,
				870A1A18226299FF004E9843 /* Ghostbusters (Limited Edition) (Stern 2016).png */,
				870A1A19226299FF004E9843 /* Funhouse (Williams 1990).old[1].png */,
				870A1A1A226299FF004E9843 /* Austin Powers (Stern 2001).png */,
				870A1A1B226299FF004E9843 /* Harley Quinn (Original 2017).png */,
				870A1A1C226299FF004E9843 /* Gilligan's Island (Bally 1991).png */,
				870A1A1D226299FF004E9843 /* A Real American Hero (Original 1980).png */,
				870A1A1E226299FF004E9843 /* Fish Tales (Williams 1992).png */,
				870A1A1F226299FF004E9843 /* Monster Bash (Williams 1998).png */,
				870A1A20226299FF004E9843 /* Bugs Bunny's Birthday Ball (Bally 1991).png */,
				870A1A21226299FF004E9843 /* Disney TRON Legacy (Stern 2011).png */,
				870A1A22226299FF004E9843 /* Beach Bums (Original 2018).png */,
				870A1A23226299FF004E9843 /* Dirty Harry (Williams 1995).png */,
				870A1A24226299FF004E9843 /* Batman (Stern 2008).png */,
				870A1A25226299FF004E9843 /* Back to the Future (Data East 1990).png */,
				870A1A26226299FF004E9843 /* Pinball Magic (Capcom 1995).png */,
				870A1A27226299FF004E9843 /* Cirqus Voltaire (Midway 1997).png */,
				870A1A28226299FF004E9843 /* Goldorak (Original 2017).png */,
				870A1A29226299FF004E9843 /* Safe Cracker (Bally 1996).old[2].png */,
				870A1A2A226299FF004E9843 /* Gilligan's Island (Midway 1991).old[1].png */,
				870A1A2B226299FF004E9843 /* IronMan (Stern 2013).png */,
				870A1A2C226299FF004E9843 /* Safe Cracker (Bally 1996).old[1].png */,
				870A1A2D226299FF004E9843 /* Adventures of Rocky and Bullwinkle and Friends (Data East 1993).old[1].png */,
				870A1A2E226299FF004E9843 /* Batman The Dark Knight (Stern 2008).png */,
				870A1A2F226299FF004E9843 /* Gilligan's Island (Midway 1991).old[2].png */,
				870A1A30226299FF004E9843 /* NBA Fastbreak (Bally 1997).png */,
				870A1A31226299FF004E9843 /* Genesis (Gottlieb 1986).png */,
				870A1A32226299FF004E9843 /* Dirty Harry (Williams 1995).old[1].png */,
				870A1A33226299FF004E9843 /* Creature from the Black Lagoon (Midway 1992).old[1].png */,
				870A1A34226299FF004E9843 /* ACDC Premium (Stern 2012).png */,
				870A1A35226299FF004E9843 /* Guns N' Roses (Data East 1994).png */,
				870A1A36226299FF004E9843 /* Doctor Who (Midway 1992).png */,
				870A1A37226299FF004E9843 /* Minions (Mod 2017).png */,
				870A1A38226299FF004E9843 /* Kidnap (CIC Play 1986).png */,
				870A1A39226299FF004E9843 /* Judge Dredd (Bally 1993).png */,
				870A1A3A226299FF004E9843 /* Baby Pac-Man (Bally 1983).png */,
				870A1A3B226299FF004E9843 /* Medieval Madness (Williams 1997).png */,
				870A1A3C226299FF004E9843 /* Adventures of Rocky and Bullwinkle and Friends (Data East 1993).png */,
				870A1A3D226299FF004E9843 /* AC;DC (Premium) (Stern 2012).png */,
				870A1A3E226299FF004E9843 /* Cactus Canyon (Bally 1998).png */,
				870A1A3F226299FF004E9843 /* Heavy Metal Meltdown (Bally 1987).png */,
				870A1A40226299FF004E9843 /* Freddy A Nightmare on Elm Street (Premier 1994).png */,
				870A1A41226299FF004E9843 /* Indiana Jones The Pinball Adventure (Williams 1993).png */,
				870A1A42226299FF004E9843 /* Flash Gordon (Bally 1981).png */,
				870A1A43226299FF004E9843 /* Bubba the Redneck Werewolf (Original 2017).png */,
				870A1A44226299FF004E9843 /* NASCAR (Stern 2005).png */,
				870A1A45226299FF004E9843 /* Johnny Mnemonic (Williams 1995).png */,
				870A1A46226299FF004E9843 /* Harlem Globetrotters On Tour (Bally 1979).png */,
				870A1A47226299FF004E9843 /* Black Hole (Gottlieb 1981).png */,
				870A1A48226299FF004E9843 /* Attack from Mars (Midway 1995).png */,
				870A1A49226299FF004E9843 /* Indianapolis 500 (Midway 1995).old[1].png */,
				870A1A4A226299FF004E9843 /* Getaway, The - High Speed II v1.1 (Williams 1996).png */,
				870A1A4B226299FF004E9843 /* Gold Wings (Gottlieb 1986) (Gottlieb 1986).png */,
				870A1A4C226299FF004E9843 /* Back to the Future (Data East 1990).old[2].png */,
				870A1A4D226299FF004E9843 /* Funhouse (Williams 1990).png */,
				870A1A4E226299FF004E9843 /* Monster Bash X - NZ&TT 1.3 (Williams 1993).png */,
				870A1A4F226299FF004E9843 /* Black Knight 2000 (Williams 1989).png */,
				870A1A50226299FF004E9843 /* Jurassic Park (Data East 1993).png */,
				870A1A51226299FF004E9843 /* Batman (Data East 1991).png */,
				870A1A52226299FF004E9843 /* Harley Quinn (HauntFreaks 2017).old[1].png */,
				870A1A53226299FF004E9843 /* Diner (Williams 1990).png */,
				870A1A54226299FF004E9843 /* Hook (Data East 1992).png */,
			);
			path = newfiles;
			sourceTree = "<group>";
		};
		870BA4D72263F8DF00610101 /* WKYTPlayer */ = {
			isa = PBXGroup;
			children = (
				870BA4D32263F8CD00610101 /* WKYTPlayerView.bundle */,
				870BA4D22263F8CD00610101 /* WKYTPlayerView.h */,
				870BA4D42263F8CE00610101 /* WKYTPlayerView.m */,
			);
			name = WKYTPlayer;
			sourceTree = "<group>";
		};
		875C9DD122628FA3007A1BD6 /* ThirdParty */ = {
			isa = PBXGroup;
			children = (
				870BA4D72263F8DF00610101 /* WKYTPlayer */,
				870BA4D12263F8CD00610101 /* AllThePins-Bridging-Header.h */,
			);
			name = ThirdParty;
			sourceTree = "<group>";
		};
		876AC9A52241ED8700A5E0ED = {
			isa = PBXGroup;
			children = (
				876AC9B02241ED8700A5E0ED /* AllThePins */,
				87B92109225DD003006B9942 /* AllThePinsTests */,
				876AC9AF2241ED8700A5E0ED /* Products */,
			);
			sourceTree = "<group>";
		};
		876AC9AF2241ED8700A5E0ED /* Products */ = {
			isa = PBXGroup;
			children = (
				876AC9AE2241ED8700A5E0ED /* AllThePins.app */,
				87B92108225DD003006B9942 /* AllThePinsTests.xctest */,
			);
			name = Products;
			sourceTree = "<group>";
		};
		876AC9B02241ED8700A5E0ED /* AllThePins */ = {
			isa = PBXGroup;
			children = (
				875C9DD122628FA3007A1BD6 /* ThirdParty */,
				876AC9B32241ED8700A5E0ED /* MasterViewController.swift */,
				874BCB0C225EB1A50075434E /* AppDelegate.swift */,
				876AC9B52241ED8700A5E0ED /* DetailViewController.swift */,
				879FD0392249F0F700FAB167 /* woot.json */,
				876AC9C52241EE0200A5E0ED /* VPinTable.swift */,
				870A1AAB2262ED9E004E9843 /* YTView.swift */,
				876AC9B72241ED8700A5E0ED /* Main.storyboard */,
				876AC9BA2241ED8800A5E0ED /* Assets.xcassets */,
				876AC9BC2241ED8800A5E0ED /* LaunchScreen.storyboard */,
				876AC9C72242025800A5E0ED /* Default Backglass.png */,
				870A1A07226299FF004E9843 /* newfiles */,
				876AC9C82242025800A5E0ED /* Default Playfield.png */,
				876AC9BF2241ED8800A5E0ED /* Info.plist */,
			);
			path = AllThePins;
			sourceTree = "<group>";
		};
		87B92109225DD003006B9942 /* AllThePinsTests */ = {
			isa = PBXGroup;
			children = (
				87B9210A225DD003006B9942 /* AllThePinsTests.swift */,
				87B9210C225DD003006B9942 /* Info.plist */,
			);
			path = AllThePinsTests;
			sourceTree = "<group>";
		};
/* End PBXGroup section */

/* Begin PBXNativeTarget section */
		876AC9AD2241ED8700A5E0ED /* AllThePins */ = {
			isa = PBXNativeTarget;
			buildConfigurationList = 876AC9C22241ED8800A5E0ED /* Build configuration list for PBXNativeTarget "AllThePins" */;
			buildPhases = (
				876AC9AA2241ED8700A5E0ED /* Sources */,
				876AC9AB2241ED8700A5E0ED /* Frameworks */,
				876AC9AC2241ED8700A5E0ED /* Resources */,
			);
			buildRules = (
			);
			dependencies = (
			);
			name = AllThePins;
			productName = AllThePins;
			productReference = 876AC9AE2241ED8700A5E0ED /* AllThePins.app */;
			productType = "com.apple.product-type.application";
		};
		87B92107225DD003006B9942 /* AllThePinsTests */ = {
			isa = PBXNativeTarget;
			buildConfigurationList = 87B9210F225DD003006B9942 /* Build configuration list for PBXNativeTarget "AllThePinsTests" */;
			buildPhases = (
				87B92104225DD003006B9942 /* Sources */,
				87B92105225DD003006B9942 /* Frameworks */,
				87B92106225DD003006B9942 /* Resources */,
			);
			buildRules = (
			);
			dependencies = (
				87B9210E225DD003006B9942 /* PBXTargetDependency */,
			);
			name = AllThePinsTests;
			productName = AllThePinsTests;
			productReference = 87B92108225DD003006B9942 /* AllThePinsTests.xctest */;
			productType = "com.apple.product-type.bundle.unit-test";
		};
/* End PBXNativeTarget section */

/* Begin PBXProject section */
		876AC9A62241ED8700A5E0ED /* Project object */ = {
			isa = PBXProject;
			attributes = {
				LastSwiftUpdateCheck = 1010;
				LastUpgradeCheck = 1010;
				ORGANIZATIONNAME = RnSKSoft;
				TargetAttributes = {
					876AC9AD2241ED8700A5E0ED = {
						CreatedOnToolsVersion = 10.1;
						LastSwiftMigration = 1020;
					};
					87B92107225DD003006B9942 = {
						CreatedOnToolsVersion = 10.1;
						TestTargetID = 876AC9AD2241ED8700A5E0ED;
					};
				};
			};
			buildConfigurationList = 876AC9A92241ED8700A5E0ED /* Build configuration list for PBXProject "AllThePins" */;
			compatibilityVersion = "Xcode 9.3";
			developmentRegion = en;
			hasScannedForEncodings = 0;
			knownRegions = (
				en,
				Base,
			);
			mainGroup = 876AC9A52241ED8700A5E0ED;
			productRefGroup = 876AC9AF2241ED8700A5E0ED /* Products */;
			projectDirPath = "";
			projectRoot = "";
			targets = (
				876AC9AD2241ED8700A5E0ED /* AllThePins */,
				87B92107225DD003006B9942 /* AllThePinsTests */,
			);
		};
/* End PBXProject section */

/* Begin PBXResourcesBuildPhase section */
		876AC9AC2241ED8700A5E0ED /* Resources */ = {
			isa = PBXResourcesBuildPhase;
			buildActionMask = 2147483647;
			files = (
				870A1A8E22629A00004E9843 /* Indiana Jones The Pinball Adventure (Williams 1993).png in Resources */,
				870A1A6E22629A00004E9843 /* Disney TRON Legacy (Stern 2011).png in Resources */,
				870A1AA122629A00004E9843 /* Hook (Data East 1992).png in Resources */,
				870A1A6D22629A00004E9843 /* Bugs Bunny's Birthday Ball (Bally 1991).png in Resources */,
				870A1A8522629A00004E9843 /* Kidnap (CIC Play 1986).png in Resources */,
				870A1A7522629A00004E9843 /* Goldorak (Original 2017).png in Resources */,
				876AC9C92242025800A5E0ED /* Default Backglass.png in Resources */,
				870A1AA022629A00004E9843 /* Diner (Williams 1990).png in Resources */,
				870A1A7D22629A00004E9843 /* NBA Fastbreak (Bally 1997).png in Resources */,
				870A1A6722629A00004E9843 /* Austin Powers (Stern 2001).png in Resources */,
				870A1A7222629A00004E9843 /* Back to the Future (Data East 1990).png in Resources */,
				870A1A5722629A00004E9843 /* Fire! (Williams 1987).png in Resources */,
				870A1A9F22629A00004E9843 /* Harley Quinn (HauntFreaks 2017).old[1].png in Resources */,
				870A1A8A22629A00004E9843 /* AC;DC (Premium) (Stern 2012).png in Resources */,
				870A1A7722629A00004E9843 /* Gilligan's Island (Midway 1991).old[1].png in Resources */,
				870A1A7022629A00004E9843 /* Dirty Harry (Williams 1995).png in Resources */,
				870A1A8F22629A00004E9843 /* Flash Gordon (Bally 1981).png in Resources */,
				870A1A6522629A00004E9843 /* Ghostbusters (Limited Edition) (Stern 2016).png in Resources */,
				870A1A6B22629A00004E9843 /* Fish Tales (Williams 1992).png in Resources */,
				870A1A8622629A00004E9843 /* Judge Dredd (Bally 1993).png in Resources */,
				870A1A7122629A00004E9843 /* Batman (Stern 2008).png in Resources */,
				876AC9BE2241ED8800A5E0ED /* LaunchScreen.storyboard in Resources */,
				870A1A7F22629A00004E9843 /* Dirty Harry (Williams 1995).old[1].png in Resources */,
				870A1A5F22629A00004E9843 /* Demolition Man (Williams 1994).png in Resources */,
				870A1A7622629A00004E9843 /* Safe Cracker (Bally 1996).old[2].png in Resources */,
				870A1A9122629A00004E9843 /* NASCAR (Stern 2005).png in Resources */,
				870A1A8422629A00004E9843 /* Minions (Mod 2017).png in Resources */,
				870A1A9622629A00004E9843 /* Indianapolis 500 (Midway 1995).old[1].png in Resources */,
				870A1A9D22629A00004E9843 /* Jurassic Park (Data East 1993).png in Resources */,
				870A1A9722629A00004E9843 /* Getaway, The - High Speed II v1.1 (Williams 1996).png in Resources */,
				870A1A8322629A00004E9843 /* Doctor Who (Midway 1992).png in Resources */,
				870A1A5B22629A00004E9843 /* Monster Bash (Williams 1998).old[2].png in Resources */,
				870A1A5E22629A00004E9843 /* Creature from the Black Lagoon (Bally 1992).png in Resources */,
				870A1A9E22629A00004E9843 /* Batman (Data East 1991).png in Resources */,
				870A1A6422629A00004E9843 /* Johnny Mnemonic (Williams 1996).png in Resources */,
				870A1A7822629A00004E9843 /* IronMan (Stern 2013).png in Resources */,
				870A1A8B22629A00004E9843 /* Cactus Canyon (Bally 1998).png in Resources */,
				870A1A7322629A00004E9843 /* Pinball Magic (Capcom 1995).png in Resources */,
				870A1A5622629A00004E9843 /* CARtoons RC (Original 2017).png in Resources */,
				870A1A9C22629A00004E9843 /* Black Knight 2000 (Williams 1989).png in Resources */,
				876AC9BB2241ED8800A5E0ED /* Assets.xcassets in Resources */,
				870A1A5522629A00004E9843 /* Indianapolis 500 (Bally 1995).png in Resources */,
				870A1A7E22629A00004E9843 /* Genesis (Gottlieb 1986).png in Resources */,
				870A1A5822629A00004E9843 /* Iron Man (Stern 2013).png in Resources */,
				870A1A9222629A00004E9843 /* Johnny Mnemonic (Williams 1995).png in Resources */,
				870A1A5D22629A00004E9843 /* Cyclone (Williams 1988).png in Resources */,
				870A1A5C22629A00004E9843 /* Ghostbusters LE 1.0 (Stern 2012).png in Resources */,
				870A1A8822629A00004E9843 /* Medieval Madness (Williams 1997).png in Resources */,
				870A1A6A22629A00004E9843 /* A Real American Hero (Original 1980).png in Resources */,
				870A1A8922629A00004E9843 /* Adventures of Rocky and Bullwinkle and Friends (Data East 1993).png in Resources */,
				870A1A6622629A00004E9843 /* Funhouse (Williams 1990).old[1].png in Resources */,
				870A1A5A22629A00004E9843 /* Robocop (Data East 1989).png in Resources */,
				870A1A8722629A00004E9843 /* Baby Pac-Man (Bally 1983).png in Resources */,
				876AC9B92241ED8700A5E0ED /* Main.storyboard in Resources */,
				870A1A7A22629A00004E9843 /* Adventures of Rocky and Bullwinkle and Friends (Data East 1993).old[1].png in Resources */,
				879FD03A2249F0F700FAB167 /* woot.json in Resources */,
				870A1A7422629A00004E9843 /* Cirqus Voltaire (Midway 1997).png in Resources */,
				870A1A7922629A00004E9843 /* Safe Cracker (Bally 1996).old[1].png in Resources */,
				870A1A6F22629A00004E9843 /* Beach Bums (Original 2018).png in Resources */,
				870A1A5922629A00004E9843 /* Pirates Of the Caribbean (Stern 2006).png in Resources */,
				870A1A8122629A00004E9843 /* ACDC Premium (Stern 2012).png in Resources */,
				870A1A9A22629A00004E9843 /* Funhouse (Williams 1990).png in Resources */,
				870A1A8D22629A00004E9843 /* Freddy A Nightmare on Elm Street (Premier 1994).png in Resources */,
				870A1A6822629A00004E9843 /* Harley Quinn (Original 2017).png in Resources */,
				870A1A9422629A00004E9843 /* Black Hole (Gottlieb 1981).png in Resources */,
				870A1A6922629A00004E9843 /* Gilligan's Island (Bally 1991).png in Resources */,
				870A1A8022629A00004E9843 /* Creature from the Black Lagoon (Midway 1992).old[1].png in Resources */,
				870A1A6022629A00004E9843 /* Amazing Spider-Man (Stern 193).png in Resources */,
				870A1A8222629A00004E9843 /* Guns N' Roses (Data East 1994).png in Resources */,
				870A1A6122629A00004E9843 /* Back to the Future (Data East 1990).old[1].png in Resources */,
				870A1A8C22629A00004E9843 /* Heavy Metal Meltdown (Bally 1987).png in Resources */,
				870A1A6322629A00004E9843 /* Family Guy (Stern 2007).png in Resources */,
				870BA4D52263F8CE00610101 /* WKYTPlayerView.bundle in Resources */,
				870A1A9B22629A00004E9843 /* Monster Bash X - NZ&TT 1.3 (Williams 1993).png in Resources */,
				870A1A9522629A00004E9843 /* Attack from Mars (Midway 1995).png in Resources */,
				870A1A9022629A00004E9843 /* Bubba the Redneck Werewolf (Original 2017).png in Resources */,
				870A1A9822629A00004E9843 /* Gold Wings (Gottlieb 1986) (Gottlieb 1986).png in Resources */,
				870A1A6C22629A00004E9843 /* Monster Bash (Williams 1998).png in Resources */,
				876AC9CA2242025800A5E0ED /* Default Playfield.png in Resources */,
				870A1A9922629A00004E9843 /* Back to the Future (Data East 1990).old[2].png in Resources */,
				870A1A7B22629A00004E9843 /* Batman The Dark Knight (Stern 2008).png in Resources */,
				870A1A7C22629A00004E9843 /* Gilligan's Island (Midway 1991).old[2].png in Resources */,
				870A1A6222629A00004E9843 /* High Speed (Williams 1986).png in Resources */,
				870A1A9322629A00004E9843 /* Harlem Globetrotters On Tour (Bally 1979).png in Resources */,
			);
			runOnlyForDeploymentPostprocessing = 0;
		};
		87B92106225DD003006B9942 /* Resources */ = {
			isa = PBXResourcesBuildPhase;
			buildActionMask = 2147483647;
			files = (
			);
			runOnlyForDeploymentPostprocessing = 0;
		};
/* End PBXResourcesBuildPhase section */

/* Begin PBXSourcesBuildPhase section */
		876AC9AA2241ED8700A5E0ED /* Sources */ = {
			isa = PBXSourcesBuildPhase;
			buildActionMask = 2147483647;
			files = (
				874BCB0D225EB1A50075434E /* AppDelegate.swift in Sources */,
				876AC9B62241ED8700A5E0ED /* DetailViewController.swift in Sources */,
				870BA4D62263F8CE00610101 /* WKYTPlayerView.m in Sources */,
				876AC9B42241ED8700A5E0ED /* MasterViewController.swift in Sources */,
				876AC9C62241EE0200A5E0ED /* VPinTable.swift in Sources */,
				870A1AAC2262ED9E004E9843 /* YTView.swift in Sources */,
			);
			runOnlyForDeploymentPostprocessing = 0;
		};
		87B92104225DD003006B9942 /* Sources */ = {
			isa = PBXSourcesBuildPhase;
			buildActionMask = 2147483647;
			files = (
				87B9210B225DD003006B9942 /* AllThePinsTests.swift in Sources */,
			);
			runOnlyForDeploymentPostprocessing = 0;
		};
/* End PBXSourcesBuildPhase section */

/* Begin PBXTargetDependency section */
		87B9210E225DD003006B9942 /* PBXTargetDependency */ = {
			isa = PBXTargetDependency;
			target = 876AC9AD2241ED8700A5E0ED /* AllThePins */;
			targetProxy = 87B9210D225DD003006B9942 /* PBXContainerItemProxy */;
		};
/* End PBXTargetDependency section */

/* Begin PBXVariantGroup section */
		876AC9B72241ED8700A5E0ED /* Main.storyboard */ = {
			isa = PBXVariantGroup;
			children = (
				876AC9B82241ED8700A5E0ED /* Base */,
			);
			name = Main.storyboard;
			sourceTree = "<group>";
		};
		876AC9BC2241ED8800A5E0ED /* LaunchScreen.storyboard */ = {
			isa = PBXVariantGroup;
			children = (
				876AC9BD2241ED8800A5E0ED /* Base */,
			);
			name = LaunchScreen.storyboard;
			sourceTree = "<group>";
		};
/* End PBXVariantGroup section */

/* Begin XCBuildConfiguration section */
		876AC9C02241ED8800A5E0ED /* Debug */ = {
			isa = XCBuildConfiguration;
			buildSettings = {
				ALWAYS_SEARCH_USER_PATHS = NO;
				CLANG_ANALYZER_NONNULL = YES;
				CLANG_ANALYZER_NUMBER_OBJECT_CONVERSION = YES_AGGRESSIVE;
				CLANG_CXX_LANGUAGE_STANDARD = "gnu++14";
				CLANG_CXX_LIBRARY = "libc++";
				CLANG_ENABLE_MODULES = YES;
				CLANG_ENABLE_OBJC_ARC = YES;
				CLANG_ENABLE_OBJC_WEAK = YES;
				CLANG_WARN_BLOCK_CAPTURE_AUTORELEASING = YES;
				CLANG_WARN_BOOL_CONVERSION = YES;
				CLANG_WARN_COMMA = YES;
				CLANG_WARN_CONSTANT_CONVERSION = YES;
				CLANG_WARN_DEPRECATED_OBJC_IMPLEMENTATIONS = YES;
				CLANG_WARN_DIRECT_OBJC_ISA_USAGE = YES_ERROR;
				CLANG_WARN_DOCUMENTATION_COMMENTS = YES;
				CLANG_WARN_EMPTY_BODY = YES;
				CLANG_WARN_ENUM_CONVERSION = YES;
				CLANG_WARN_INFINITE_RECURSION = YES;
				CLANG_WARN_INT_CONVERSION = YES;
				CLANG_WARN_NON_LITERAL_NULL_CONVERSION = YES;
				CLANG_WARN_OBJC_IMPLICIT_RETAIN_SELF = YES;
				CLANG_WARN_OBJC_LITERAL_CONVERSION = YES;
				CLANG_WARN_OBJC_ROOT_CLASS = YES_ERROR;
				CLANG_WARN_RANGE_LOOP_ANALYSIS = YES;
				CLANG_WARN_STRICT_PROTOTYPES = YES;
				CLANG_WARN_SUSPICIOUS_MOVE = YES;
				CLANG_WARN_UNGUARDED_AVAILABILITY = YES_AGGRESSIVE;
				CLANG_WARN_UNREACHABLE_CODE = YES;
				CLANG_WARN__DUPLICATE_METHOD_MATCH = YES;
				CODE_SIGN_IDENTITY = "iPhone Developer";
				COPY_PHASE_STRIP = NO;
				DEBUG_INFORMATION_FORMAT = dwarf;
				ENABLE_STRICT_OBJC_MSGSEND = YES;
				ENABLE_TESTABILITY = YES;
				GCC_C_LANGUAGE_STANDARD = gnu11;
				GCC_DYNAMIC_NO_PIC = NO;
				GCC_NO_COMMON_BLOCKS = YES;
				GCC_OPTIMIZATION_LEVEL = 0;
				GCC_PREPROCESSOR_DEFINITIONS = (
					"DEBUG=1",
					"$(inherited)",
				);
				GCC_WARN_64_TO_32_BIT_CONVERSION = YES;
				GCC_WARN_ABOUT_RETURN_TYPE = YES_ERROR;
				GCC_WARN_UNDECLARED_SELECTOR = YES;
				GCC_WARN_UNINITIALIZED_AUTOS = YES_AGGRESSIVE;
				GCC_WARN_UNUSED_FUNCTION = YES;
				GCC_WARN_UNUSED_VARIABLE = YES;
				IPHONEOS_DEPLOYMENT_TARGET = 12.1;
				MTL_ENABLE_DEBUG_INFO = INCLUDE_SOURCE;
				MTL_FAST_MATH = YES;
				ONLY_ACTIVE_ARCH = YES;
				SDKROOT = iphoneos;
				SWIFT_ACTIVE_COMPILATION_CONDITIONS = DEBUG;
				SWIFT_OPTIMIZATION_LEVEL = "-Onone";
			};
			name = Debug;
		};
		876AC9C12241ED8800A5E0ED /* Release */ = {
			isa = XCBuildConfiguration;
			buildSettings = {
				ALWAYS_SEARCH_USER_PATHS = NO;
				CLANG_ANALYZER_NONNULL = YES;
				CLANG_ANALYZER_NUMBER_OBJECT_CONVERSION = YES_AGGRESSIVE;
				CLANG_CXX_LANGUAGE_STANDARD = "gnu++14";
				CLANG_CXX_LIBRARY = "libc++";
				CLANG_ENABLE_MODULES = YES;
				CLANG_ENABLE_OBJC_ARC = YES;
				CLANG_ENABLE_OBJC_WEAK = YES;
				CLANG_WARN_BLOCK_CAPTURE_AUTORELEASING = YES;
				CLANG_WARN_BOOL_CONVERSION = YES;
				CLANG_WARN_COMMA = YES;
				CLANG_WARN_CONSTANT_CONVERSION = YES;
				CLANG_WARN_DEPRECATED_OBJC_IMPLEMENTATIONS = YES;
				CLANG_WARN_DIRECT_OBJC_ISA_USAGE = YES_ERROR;
				CLANG_WARN_DOCUMENTATION_COMMENTS = YES;
				CLANG_WARN_EMPTY_BODY = YES;
				CLANG_WARN_ENUM_CONVERSION = YES;
				CLANG_WARN_INFINITE_RECURSION = YES;
				CLANG_WARN_INT_CONVERSION = YES;
				CLANG_WARN_NON_LITERAL_NULL_CONVERSION = YES;
				CLANG_WARN_OBJC_IMPLICIT_RETAIN_SELF = YES;
				CLANG_WARN_OBJC_LITERAL_CONVERSION = YES;
				CLANG_WARN_OBJC_ROOT_CLASS = YES_ERROR;
				CLANG_WARN_RANGE_LOOP_ANALYSIS = YES;
				CLANG_WARN_STRICT_PROTOTYPES = YES;
				CLANG_WARN_SUSPICIOUS_MOVE = YES;
				CLANG_WARN_UNGUARDED_AVAILABILITY = YES_AGGRESSIVE;
				CLANG_WARN_UNREACHABLE_CODE = YES;
				CLANG_WARN__DUPLICATE_METHOD_MATCH = YES;
				CODE_SIGN_IDENTITY = "iPhone Developer";
				COPY_PHASE_STRIP = NO;
				DEBUG_INFORMATION_FORMAT = "dwarf-with-dsym";
				ENABLE_NS_ASSERTIONS = NO;
				ENABLE_STRICT_OBJC_MSGSEND = YES;
				GCC_C_LANGUAGE_STANDARD = gnu11;
				GCC_NO_COMMON_BLOCKS = YES;
				GCC_WARN_64_TO_32_BIT_CONVERSION = YES;
				GCC_WARN_ABOUT_RETURN_TYPE = YES_ERROR;
				GCC_WARN_UNDECLARED_SELECTOR = YES;
				GCC_WARN_UNINITIALIZED_AUTOS = YES_AGGRESSIVE;
				GCC_WARN_UNUSED_FUNCTION = YES;
				GCC_WARN_UNUSED_VARIABLE = YES;
				IPHONEOS_DEPLOYMENT_TARGET = 12.1;
				MTL_ENABLE_DEBUG_INFO = NO;
				MTL_FAST_MATH = YES;
				SDKROOT = iphoneos;
				SWIFT_COMPILATION_MODE = wholemodule;
				SWIFT_OPTIMIZATION_LEVEL = "-O";
				VALIDATE_PRODUCT = YES;
			};
			name = Release;
		};
		876AC9C32241ED8800A5E0ED /* Debug */ = {
			isa = XCBuildConfiguration;
			buildSettings = {
				ASSETCATALOG_COMPILER_APPICON_NAME = AppIcon;
				CLANG_ENABLE_MODULES = YES;
				CODE_SIGN_STYLE = Automatic;
				DEVELOPMENT_TEAM = MPUGVKL8KJ;
				INFOPLIST_FILE = AllThePins/Info.plist;
				LD_RUNPATH_SEARCH_PATHS = (
					"$(inherited)",
					"@executable_path/Frameworks",
				);
				PRODUCT_BUNDLE_IDENTIFIER = com.sakurakai.vpaddicts.AllThePins;
				PRODUCT_NAME = "$(TARGET_NAME)";
				SWIFT_INSTALL_OBJC_HEADER = YES;
				SWIFT_OBJC_BRIDGING_HEADER = "AllThePins/AllThePins-Bridging-Header.h";
				SWIFT_OPTIMIZATION_LEVEL = "-Onone";
				SWIFT_VERSION = 4.2;
				TARGETED_DEVICE_FAMILY = "1,2";
			};
			name = Debug;
		};
		876AC9C42241ED8800A5E0ED /* Release */ = {
			isa = XCBuildConfiguration;
			buildSettings = {
				ASSETCATALOG_COMPILER_APPICON_NAME = AppIcon;
				CLANG_ENABLE_MODULES = YES;
				CODE_SIGN_STYLE = Automatic;
				DEVELOPMENT_TEAM = MPUGVKL8KJ;
				INFOPLIST_FILE = AllThePins/Info.plist;
				LD_RUNPATH_SEARCH_PATHS = (
					"$(inherited)",
					"@executable_path/Frameworks",
				);
				PRODUCT_BUNDLE_IDENTIFIER = com.sakurakai.vpaddicts.AllThePins;
				PRODUCT_NAME = "$(TARGET_NAME)";
				SWIFT_INSTALL_OBJC_HEADER = YES;
				SWIFT_OBJC_BRIDGING_HEADER = "AllThePins/AllThePins-Bridging-Header.h";
				SWIFT_VERSION = 4.2;
				TARGETED_DEVICE_FAMILY = "1,2";
			};
			name = Release;
		};
		87B92110225DD003006B9942 /* Debug */ = {
			isa = XCBuildConfiguration;
			buildSettings = {
				BUNDLE_LOADER = "$(TEST_HOST)";
				CODE_SIGN_STYLE = Automatic;
				DEVELOPMENT_TEAM = MPUGVKL8KJ;
				INFOPLIST_FILE = AllThePinsTests/Info.plist;
				LD_RUNPATH_SEARCH_PATHS = (
					"$(inherited)",
					"@executable_path/Frameworks",
					"@loader_path/Frameworks",
				);
				PRODUCT_BUNDLE_IDENTIFIER = com.sakurakai.vpaddicts.AllThePinsTests;
				PRODUCT_NAME = "$(TARGET_NAME)";
				SWIFT_VERSION = 4.2;
				TARGETED_DEVICE_FAMILY = "1,2";
				TEST_HOST = "$(BUILT_PRODUCTS_DIR)/AllThePins.app/AllThePins";
			};
			name = Debug;
		};
		87B92111225DD003006B9942 /* Release */ = {
			isa = XCBuildConfiguration;
			buildSettings = {
				BUNDLE_LOADER = "$(TEST_HOST)";
				CODE_SIGN_STYLE = Automatic;
				DEVELOPMENT_TEAM = MPUGVKL8KJ;
				INFOPLIST_FILE = AllThePinsTests/Info.plist;
				LD_RUNPATH_SEARCH_PATHS = (
					"$(inherited)",
					"@executable_path/Frameworks",
					"@loader_path/Frameworks",
				);
				PRODUCT_BUNDLE_IDENTIFIER = com.sakurakai.vpaddicts.AllThePinsTests;
				PRODUCT_NAME = "$(TARGET_NAME)";
				SWIFT_VERSION = 4.2;
				TARGETED_DEVICE_FAMILY = "1,2";
				TEST_HOST = "$(BUILT_PRODUCTS_DIR)/AllThePins.app/AllThePins";
			};
			name = Release;
		};
/* End XCBuildConfiguration section */

/* Begin XCConfigurationList section */
		876AC9A92241ED8700A5E0ED /* Build configuration list for PBXProject "AllThePins" */ = {
			isa = XCConfigurationList;
			buildConfigurations = (
				876AC9C02241ED8800A5E0ED /* Debug */,
				876AC9C12241ED8800A5E0ED /* Release */,
			);
			defaultConfigurationIsVisible = 0;
			defaultConfigurationName = Release;
		};
		876AC9C22241ED8800A5E0ED /* Build configuration list for PBXNativeTarget "AllThePins" */ = {
			isa = XCConfigurationList;
			buildConfigurations = (
				876AC9C32241ED8800A5E0ED /* Debug */,
				876AC9C42241ED8800A5E0ED /* Release */,
			);
			defaultConfigurationIsVisible = 0;
			defaultConfigurationName = Release;
		};
		87B9210F225DD003006B9942 /* Build configuration list for PBXNativeTarget "AllThePinsTests" */ = {
			isa = XCConfigurationList;
			buildConfigurations = (
				87B92110225DD003006B9942 /* Debug */,
				87B92111225DD003006B9942 /* Release */,
			);
			defaultConfigurationIsVisible = 0;
			defaultConfigurationName = Release;
		};
/* End XCConfigurationList section */
	};
	rootObject = 876AC9A62241ED8700A5E0ED /* Project object */;
}
