
<Scheme version="1.3" LastUpgradeVersion="1000">
    <BuildAction buildImplicitDependencies="YES" parallelizeBuildables="YES">
        <BuildActionEntries>
            <BuildActionEntry buildForTesting="YES" buildForRunning="YES" buildForAnalyzing="YES" buildForProfiling="YES" buildForArchiving="YES">
                <BuildableReference BlueprintIdentifier="556B6D1154E1555400000000" BlueprintName="AllThePinsApp" BuildableName="AllThePinsApp.app" ReferencedContainer="container:AllThePins.xcodeproj" BuildableIdentifier="primary"></BuildableReference>
            </BuildActionEntry>
        </BuildActionEntries>
        <PreActions>
            <ExecutionAction ActionType="Xcode.IDEStandardExecutionActionsCore.ExecutionActionType.ShellScriptAction">
                <ActionContent scriptText="" title="Run Script">
                    <EnvironmentBuildable>
                        <BuildableReference BlueprintName="AllThePinsApp" ReferencedContainer="container:AllThePins.xcodeproj" BlueprintIdentifier="556B6D1154E1555400000000" BuildableIdentifier="primary" BuildableName="AllThePinsApp.app"></BuildableReference>
                    </EnvironmentBuildable>
                </ActionContent>
            </ExecutionAction>
        </PreActions>
        <PostActions>
            <ExecutionAction ActionType="Xcode.IDEStandardExecutionActionsCore.ExecutionActionType.ShellScriptAction">
                <ActionContent scriptText="" title="Run Script">
                    <EnvironmentBuildable>
                        <BuildableReference BuildableIdentifier="primary" BlueprintName="AllThePinsApp" ReferencedContainer="container:AllThePins.xcodeproj" BuildableName="AllThePinsApp.app" BlueprintIdentifier="556B6D1154E1555400000000"></BuildableReference>
                    </EnvironmentBuildable>
                </ActionContent>
            </ExecutionAction>
        </PostActions>
    </BuildAction>
    <TestAction buildConfiguration="__TulsiTestRunner_Debug" selectedLauncherIdentifier="Xcode.DebuggerFoundation.Launcher.LLDB" shouldUseLaunchSchemeArgsEnv="YES" selectedDebuggerIdentifier="Xcode.DebuggerFoundation.Debugger.LLDB">
        <Testables></Testables>
        <PreActions>
            <ExecutionAction ActionType="Xcode.IDEStandardExecutionActionsCore.ExecutionActionType.ShellScriptAction">
                <ActionContent title="Run Script" scriptText="">
                    <EnvironmentBuildable>
                        <BuildableReference BuildableName="AllThePinsApp.app" ReferencedContainer="container:AllThePins.xcodeproj" BlueprintIdentifier="556B6D1154E1555400000000" BuildableIdentifier="primary" BlueprintName="AllThePinsApp"></BuildableReference>
                    </EnvironmentBuildable>
                </ActionContent>
            </ExecutionAction>
        </PreActions>
        <PostActions>
            <ExecutionAction ActionType="Xcode.IDEStandardExecutionActionsCore.ExecutionActionType.ShellScriptAction">
                <ActionContent title="Run Script" scriptText="">
                    <EnvironmentBuildable>
                        <BuildableReference ReferencedContainer="container:AllThePins.xcodeproj" BlueprintIdentifier="556B6D1154E1555400000000" BlueprintName="AllThePinsApp" BuildableName="AllThePinsApp.app" BuildableIdentifier="primary"></BuildableReference>
                    </EnvironmentBuildable>
                </ActionContent>
            </ExecutionAction>
        </PostActions>
        <BuildableProductRunnable runnableDebuggingMode="0">
            <BuildableReference BlueprintIdentifier="556B6D1154E1555400000000" ReferencedContainer="container:AllThePins.xcodeproj" BuildableIdentifier="primary" BlueprintName="AllThePinsApp" BuildableName="AllThePinsApp.app"></BuildableReference>
        </BuildableProductRunnable>
    </TestAction>
    <LaunchAction debugServiceExtension="internal" debugDocumentVersioning="YES" allowLocationSimulation="YES" selectedDebuggerIdentifier="Xcode.DebuggerFoundation.Debugger.LLDB" useCustomWorkingDirectory="NO" selectedLauncherIdentifier="Xcode.DebuggerFoundation.Launcher.LLDB" buildConfiguration="Debug" ignoresPersistentStateOnLaunch="NO" launchStyle="0">
        <CommandLineArguments>
            <CommandLineArgument argument="" isEnabled="YES"></CommandLineArgument>
        </CommandLineArguments>
        <EnvironmentVariables></EnvironmentVariables>
        <PreActions>
            <ExecutionAction ActionType="Xcode.IDEStandardExecutionActionsCore.ExecutionActionType.ShellScriptAction">
                <ActionContent title="Run Script" scriptText="">
                    <EnvironmentBuildable>
                        <BuildableReference BlueprintName="AllThePinsApp" ReferencedContainer="container:AllThePins.xcodeproj" BuildableIdentifier="primary" BlueprintIdentifier="556B6D1154E1555400000000" BuildableName="AllThePinsApp.app"></BuildableReference>
                    </EnvironmentBuildable>
                </ActionContent>
            </ExecutionAction>
        </PreActions>
        <PostActions>
            <ExecutionAction ActionType="Xcode.IDEStandardExecutionActionsCore.ExecutionActionType.ShellScriptAction">
                <ActionContent title="Run Script" scriptText="">
                    <EnvironmentBuildable>
                        <BuildableReference BuildableName="AllThePinsApp.app" BlueprintIdentifier="556B6D1154E1555400000000" ReferencedContainer="container:AllThePins.xcodeproj" BuildableIdentifier="primary" BlueprintName="AllThePinsApp"></BuildableReference>
                    </EnvironmentBuildable>
                </ActionContent>
            </ExecutionAction>
        </PostActions>
        <BuildableProductRunnable runnableDebuggingMode="0">
            <BuildableReference BuildableIdentifier="primary" BlueprintIdentifier="556B6D1154E1555400000000" BlueprintName="AllThePinsApp" BuildableName="AllThePinsApp.app" ReferencedContainer="container:AllThePins.xcodeproj"></BuildableReference>
        </BuildableProductRunnable>
    </LaunchAction>
    <ProfileAction shouldUseLaunchSchemeArgsEnv="YES" useCustomWorkingDirectory="NO" buildConfiguration="__TulsiTestRunner_Release" debugDocumentVersioning="YES">
        <BuildableProductRunnable runnableDebuggingMode="0">
            <BuildableReference BuildableName="AllThePinsApp.app" ReferencedContainer="container:AllThePins.xcodeproj" BlueprintIdentifier="556B6D1154E1555400000000" BlueprintName="AllThePinsApp" BuildableIdentifier="primary"></BuildableReference>
        </BuildableProductRunnable>
    </ProfileAction>
    <AnalyzeAction buildConfiguration="Debug"></AnalyzeAction>
    <ArchiveAction buildConfiguration="Release" revealArchiveInOrganizer="YES"></ArchiveAction>
</Scheme>