
<Scheme version="1.3" LastUpgradeVersion="1000">
    <BuildAction buildImplicitDependencies="YES" parallelizeBuildables="YES">
        <BuildActionEntries>
            <BuildActionEntry buildForAnalyzing="YES" buildForArchiving="YES" buildForProfiling="YES" buildForTesting="YES" buildForRunning="YES">
                <BuildableReference BuildableName="AllThePinsApp.app" BlueprintName="AllThePinsApp" ReferencedContainer="container:AllThePins.xcodeproj" BlueprintIdentifier="556B6D1154E1555400000000" BuildableIdentifier="primary"></BuildableReference>
            </BuildActionEntry>
        </BuildActionEntries>
        <PreActions>
            <ExecutionAction ActionType="Xcode.IDEStandardExecutionActionsCore.ExecutionActionType.ShellScriptAction">
                <ActionContent title="Run Script" scriptText="">
                    <EnvironmentBuildable>
                        <BuildableReference ReferencedContainer="container:AllThePins.xcodeproj" BlueprintIdentifier="556B6D1154E1555400000000" BuildableIdentifier="primary" BuildableName="AllThePinsApp.app" BlueprintName="AllThePinsApp"></BuildableReference>
                    </EnvironmentBuildable>
                </ActionContent>
            </ExecutionAction>
        </PreActions>
        <PostActions>
            <ExecutionAction ActionType="Xcode.IDEStandardExecutionActionsCore.ExecutionActionType.ShellScriptAction">
                <ActionContent title="Run Script" scriptText="">
                    <EnvironmentBuildable>
                        <BuildableReference BuildableIdentifier="primary" BlueprintIdentifier="556B6D1154E1555400000000" BuildableName="AllThePinsApp.app" BlueprintName="AllThePinsApp" ReferencedContainer="container:AllThePins.xcodeproj"></BuildableReference>
                    </EnvironmentBuildable>
                </ActionContent>
            </ExecutionAction>
        </PostActions>
    </BuildAction>
    <TestAction buildConfiguration="__TulsiTestRunner_Debug" selectedDebuggerIdentifier="Xcode.DebuggerFoundation.Debugger.LLDB" shouldUseLaunchSchemeArgsEnv="YES" selectedLauncherIdentifier="Xcode.DebuggerFoundation.Launcher.LLDB">
        <Testables></Testables>
        <PreActions>
            <ExecutionAction ActionType="Xcode.IDEStandardExecutionActionsCore.ExecutionActionType.ShellScriptAction">
                <ActionContent scriptText="" title="Run Script">
                    <EnvironmentBuildable>
                        <BuildableReference ReferencedContainer="container:AllThePins.xcodeproj" BuildableIdentifier="primary" BlueprintIdentifier="556B6D1154E1555400000000" BuildableName="AllThePinsApp.app" BlueprintName="AllThePinsApp"></BuildableReference>
                    </EnvironmentBuildable>
                </ActionContent>
            </ExecutionAction>
        </PreActions>
        <PostActions>
            <ExecutionAction ActionType="Xcode.IDEStandardExecutionActionsCore.ExecutionActionType.ShellScriptAction">
                <ActionContent scriptText="" title="Run Script">
                    <EnvironmentBuildable>
                        <BuildableReference BuildableName="AllThePinsApp.app" BlueprintName="AllThePinsApp" BuildableIdentifier="primary" BlueprintIdentifier="556B6D1154E1555400000000" ReferencedContainer="container:AllThePins.xcodeproj"></BuildableReference>
                    </EnvironmentBuildable>
                </ActionContent>
            </ExecutionAction>
        </PostActions>
        <BuildableProductRunnable runnableDebuggingMode="0">
            <BuildableReference BlueprintIdentifier="556B6D1154E1555400000000" BuildableIdentifier="primary" BuildableName="AllThePinsApp.app" BlueprintName="AllThePinsApp" ReferencedContainer="container:AllThePins.xcodeproj"></BuildableReference>
        </BuildableProductRunnable>
    </TestAction>
    <LaunchAction selectedLauncherIdentifier="Xcode.DebuggerFoundation.Launcher.LLDB" ignoresPersistentStateOnLaunch="NO" useCustomWorkingDirectory="NO" allowLocationSimulation="YES" debugDocumentVersioning="YES" launchStyle="0" buildConfiguration="Debug" debugServiceExtension="internal" selectedDebuggerIdentifier="Xcode.DebuggerFoundation.Debugger.LLDB">
        <CommandLineArguments>
            <CommandLineArgument argument="" isEnabled="YES"></CommandLineArgument>
        </CommandLineArguments>
        <EnvironmentVariables></EnvironmentVariables>
        <PreActions>
            <ExecutionAction ActionType="Xcode.IDEStandardExecutionActionsCore.ExecutionActionType.ShellScriptAction">
                <ActionContent scriptText="" title="Run Script">
                    <EnvironmentBuildable>
                        <BuildableReference ReferencedContainer="container:AllThePins.xcodeproj" BuildableIdentifier="primary" BlueprintIdentifier="556B6D1154E1555400000000" BlueprintName="AllThePinsApp" BuildableName="AllThePinsApp.app"></BuildableReference>
                    </EnvironmentBuildable>
                </ActionContent>
            </ExecutionAction>
        </PreActions>
        <PostActions>
            <ExecutionAction ActionType="Xcode.IDEStandardExecutionActionsCore.ExecutionActionType.ShellScriptAction">
                <ActionContent scriptText="" title="Run Script">
                    <EnvironmentBuildable>
                        <BuildableReference BuildableName="AllThePinsApp.app" BlueprintIdentifier="556B6D1154E1555400000000" ReferencedContainer="container:AllThePins.xcodeproj" BuildableIdentifier="primary" BlueprintName="AllThePinsApp"></BuildableReference>
                    </EnvironmentBuildable>
                </ActionContent>
            </ExecutionAction>
        </PostActions>
        <BuildableProductRunnable runnableDebuggingMode="0">
            <BuildableReference ReferencedContainer="container:AllThePins.xcodeproj" BlueprintIdentifier="556B6D1154E1555400000000" BuildableIdentifier="primary" BuildableName="AllThePinsApp.app" BlueprintName="AllThePinsApp"></BuildableReference>
        </BuildableProductRunnable>
    </LaunchAction>
    <ProfileAction useCustomWorkingDirectory="NO" buildConfiguration="__TulsiTestRunner_Release" debugDocumentVersioning="YES" shouldUseLaunchSchemeArgsEnv="YES">
        <BuildableProductRunnable runnableDebuggingMode="0">
            <BuildableReference BuildableName="AllThePinsApp.app" BlueprintName="AllThePinsApp" ReferencedContainer="container:AllThePins.xcodeproj" BuildableIdentifier="primary" BlueprintIdentifier="556B6D1154E1555400000000"></BuildableReference>
        </BuildableProductRunnable>
    </ProfileAction>
    <AnalyzeAction buildConfiguration="Debug"></AnalyzeAction>
    <ArchiveAction revealArchiveInOrganizer="YES" buildConfiguration="Release"></ArchiveAction>
</Scheme>